
Microsoft Visual Studio Solution File, Format Version 12.00
# Visual Studio Version 17
VisualStudioVersion = 17.5.002.0
MinimumVisualStudioVersion = 10.0.40219.1
Project("{9A19103F-16F7-4668-BE54-9A1E7A4F7556}") = "ApiProject", "ApiProject.csproj", "{B59E213E-A892-4394-97FD-055BEEC1FEE9}"
EndProject
Global
	GlobalSection(SolutionConfigurationPlatforms) = preSolution
		Debug|Any CPU = Debug|Any CPU
		Release|Any CPU = Release|Any CPU
	EndGlobalSection
	GlobalSection(ProjectConfigurationPlatforms) = postSolution
		{B59E213E-A892-4394-97FD-055BEEC1FEE9}.Debug|Any CPU.ActiveCfg = Debug|Any CPU
		{B59E213E-A892-4394-97FD-055BEEC1FEE9}.Debug|Any CPU.Build.0 = Debug|Any CPU
		{B59E213E-A892-4394-97FD-055BEEC1FEE9}.Release|Any CPU.ActiveCfg = Release|Any CPU
		{B59E213E-A892-4394-97FD-055BEEC1FEE9}.Release|Any CPU.Build.0 = Release|Any CPU
	EndGlobalSection
	GlobalSection(SolutionProperties) = preSolution
		HideSolutionNode = FALSE
	EndGlobalSection
	GlobalSection(ExtensibilityGlobals) = postSolution
		SolutionGuid = {02134E26-8821-402C-8A8E-2C18B66E20B2}
	EndGlobalSection
EndGlobal
